
Microsoft Visual Studio Solution File, Format Version 12.00
# Visual Studio Version 17
VisualStudioVersion = 17.10.34916.146
MinimumVisualStudioVersion = 10.0.40219.1
Project("{FAE04EC0-301F-11D3-BF4B-00C04F79EFBC}") = "SMSJSON", "SMSJSON.csproj", "{920C4C86-E66E-442E-A0C4-C11932753FD5}"
EndProject
Global
	GlobalSection(SolutionConfigurationPlatforms) = preSolution
		Debug|Any CPU = Debug|Any CPU
		Release|Any CPU = Release|Any CPU
	EndGlobalSection
	GlobalSection(ProjectConfigurationPlatforms) = postSolution
		{920C4C86-E66E-442E-A0C4-C11932753FD5}.Debug|Any CPU.ActiveCfg = Debug|Any CPU
		{920C4C86-E66E-442E-A0C4-C11932753FD5}.Debug|Any CPU.Build.0 = Debug|Any CPU
		{920C4C86-E66E-442E-A0C4-C11932753FD5}.Release|Any CPU.ActiveCfg = Release|Any CPU
		{920C4C86-E66E-442E-A0C4-C11932753FD5}.Release|Any CPU.Build.0 = Release|Any CPU
	EndGlobalSection
	GlobalSection(SolutionProperties) = preSolution
		HideSolutionNode = FALSE
	EndGlobalSection
	GlobalSection(ExtensibilityGlobals) = postSolution
		SolutionGuid = {0D10F0E1-1765-40C7-AED5-DA67DA33F860}
	EndGlobalSection
EndGlobal
